Microsoft Visual Studio Solution File, Format Version 12.00
# Visual Studio Version 17
VisualStudioVersion = 17.5.2.0
MinimumVisualStudioVersion = 10.0.40219.1
Project("{FAE04EC0-301F-11D3-BF4B-00C04F79EFBC}") = "genai", "genai.csproj", "{77C73C0B-E90B-A79B-61F3-2FBBF62C9E2B}"
EndProject
Global
	GlobalSection(SolutionConfigurationPlatforms) = preSolution
		Debug|Any CPU = Debug|Any CPU
		Release|Any CPU = Release|Any CPU
	EndGlobalSection
	GlobalSection(ProjectConfigurationPlatforms) = postSolution
		{77C73C0B-E90B-A79B-61F3-2FBBF62C9E2B}.Debug|Any CPU.ActiveCfg = Debug|Any CPU
		{77C73C0B-E90B-A79B-61F3-2FBBF62C9E2B}.Debug|Any CPU.Build.0 = Debug|Any CPU
		{77C73C0B-E90B-A79B-61F3-2FBBF62C9E2B}.Release|Any CPU.ActiveCfg = Release|Any CPU
		{77C73C0B-E90B-A79B-61F3-2FBBF62C9E2B}.Release|Any CPU.Build.0 = Release|Any CPU
	EndGlobalSection
	GlobalSection(SolutionProperties) = preSolution
		HideSolutionNode = FALSE
	EndGlobalSection
	GlobalSection(ExtensibilityGlobals) = postSolution
		SolutionGuid = {61DFCA5A-116E-4FCC-B8C1-8C8065E4E867}
	EndGlobalSection
EndGlobal
